maragu.dev/gomponents v1.2.0 h1:H7/N5htz1GCnhu0HB1GasluWeU2rJZOYztVEyN61iTc=
maragu.dev/gomponents v1.2.0/go.mod h1:oEDahza2gZoXDoDHhw8jBNgH+3UR5ni7Ur648HORydM=
maragu.dev/gomponents-datastar v0.1.0 h1:HbtkIV2aqlag3uPVC/7EpGd/7FJ8H/JYPWp+PEJ/S28=
maragu.dev/gomponents-datastar v0.1.0/go.mod h1:cx6Bx+DRz9nAEfrSW1yLZAI1mcM/uvXmJCbe3a66J/I=
